
Microsoft Visual Studio Solution File, Format Version 12.00
# Visual Studio Version 17
VisualStudioVersion = 17.4.33213.308
MinimumVisualStudioVersion = 10.0.40219.1
Project("{9A19103F-16F7-4668-BE54-9A1E7A4F7556}") = "MicroJson", "MicroJson\MicroJson.csproj", "{9962F069-AC70-4DBC-A5DC-A5A525F5AC11}"
EndProject
Project("{FAE04EC0-301F-11D3-BF4B-00C04F79EFBC}") = "MjsonTests", "MjsonTests\MjsonTests.csproj", "{BB0671F4-5CB7-4992-B9F6-E6A21EA9A253}"
EndProject
Global
	GlobalSection(SolutionConfigurationPlatforms) = preSolution
		Debug|Any CPU = Debug|Any CPU
		Release|Any CPU = Release|Any CPU
	EndGlobalSection
	GlobalSection(ProjectConfigurationPlatforms) = postSolution
		{9962F069-AC70-4DBC-A5DC-A5A525F5AC11}.Debug|Any CPU.ActiveCfg = Debug|Any CPU
		{9962F069-AC70-4DBC-A5DC-A5A525F5AC11}.Debug|Any CPU.Build.0 = Debug|Any CPU
		{9962F069-AC70-4DBC-A5DC-A5A525F5AC11}.Release|Any CPU.ActiveCfg = Release|Any CPU
		{9962F069-AC70-4DBC-A5DC-A5A525F5AC11}.Release|Any CPU.Build.0 = Release|Any CPU
		{BB0671F4-5CB7-4992-B9F6-E6A21EA9A253}.Debug|Any CPU.ActiveCfg = Debug|Any CPU
		{BB0671F4-5CB7-4992-B9F6-E6A21EA9A253}.Debug|Any CPU.Build.0 = Debug|Any CPU
		{BB0671F4-5CB7-4992-B9F6-E6A21EA9A253}.Release|Any CPU.ActiveCfg = Release|Any CPU
		{BB0671F4-5CB7-4992-B9F6-E6A21EA9A253}.Release|Any CPU.Build.0 = Release|Any CPU
	EndGlobalSection
	GlobalSection(SolutionProperties) = preSolution
		HideSolutionNode = FALSE
	EndGlobalSection
	GlobalSection(ExtensibilityGlobals) = postSolution
		SolutionGuid = {998EA141-D13A-4684-91C3-B1252E208FBD}
	EndGlobalSection
EndGlobal
